{
  "requires": true,
  "lockfileVersion": 1,
  "dependencies": {
    "ng-snotify": {
      "version": "4.3.1",
      "resolved": "https://registry.npmjs.org/ng-snotify/-/ng-snotify-4.3.1.tgz",
      "integrity": "sha512-prtS39n6tH9AZpK0/HVpqrzWRI8yow5FjMwJ1D8LU2HCI0lCqaNhDhfB++8kz7yZ5/5K2LzXbEgU8ViG75lZ6w=="
    }
  }
}
